{
  "requires": true,
  "lockfileVersion": 1,
  "dependencies": {
    "@types/dat.gui": {
      "version": "0.7.7",
      "resolved": "https://registry.npmjs.org/@types/dat.gui/-/dat.gui-0.7.7.tgz",
      "integrity": "sha512-CxLCme0He5Jk3uQwfO/fGZMyNhb/ypANzqX0yU9lviBQMlen5SOvQTBQ/Cd9x5mFlUAK5Tk8RgvTyLj1nYkz+w==",
      "dev": true
    },
    "dat.gui": {
      "version": "0.7.7",
      "resolved": "https://registry.npmjs.org/dat.gui/-/dat.gui-0.7.7.tgz",
      "integrity": "sha512-sRl/28gF/XRC5ywC9I4zriATTsQcpSsRG7seXCPnTkK8/EQMIbCu5NPMpICLGxX9ZEUvcXR3ArLYCtgreFoMDw=="
    },
    "gsap": {
      "version": "3.9.1",
      "resolved": "https://registry.npmjs.org/gsap/-/gsap-3.9.1.tgz",
      "integrity": "sha512-JSGVYoC6da4pIjdF/yxFU6Rz8OojOIDkbooveZlfNg0+JIoFoRruyfWAEi6R/gUeNcuOiTqUIb0gi1nCNrHf8w=="
    },
    "lil-gui": {
      "version": "0.16.0",
      "resolved": "https://registry.npmjs.org/lil-gui/-/lil-gui-0.16.0.tgz",
      "integrity": "sha512-wDySFozDfOed8UymoMprgQ+xuEZhbOP9h6cagszu/gIRpGjfoo8lHPYXXJN5OluHoM1Z4Y2ac0FJhiMQC5Ac0Q=="
    }
  }
}
